
Microsoft Visual Studio Solution File, Format Version 12.00
# Visual Studio Version 17
VisualStudioVersion = 17.0.31903.59
MinimumVisualStudioVersion = 10.0.40219.1
Project("{2150E333-8FDC-42A3-9474-1A3956D46DE8}") = "src", "src", "{F44FF168-C130-49EA-94EE-FF2B60199348}"
EndProject
Project("{FAE04EC0-301F-11D3-BF4B-00C04F79EFBC}") = "Raffaello.Core", "src\Raffaello.Core\Raffaello.Core.csproj", "{DD7F02C5-7ED0-4BF3-BFFE-9A23D568BE99}"
EndProject
Project("{2150E333-8FDC-42A3-9474-1A3956D46DE8}") = "tests", "tests", "{7628B8DD-76D2-4C8E-8668-FE79428EF974}"
EndProject
Project("{FAE04EC0-301F-11D3-BF4B-00C04F79EFBC}") = "Raffaello.Core.Tests", "tests\Raffaello.Core.Tests\Raffaello.Core.Tests.csproj", "{73B82C7D-2329-452D-8B07-B8C08067530A}"
EndProject
Project("{FAE04EC0-301F-11D3-BF4B-00C04F79EFBC}") = "Raffaello.App", "src\Raffaello.App\Raffaello.App.csproj", "{4A3CB4CD-7945-43AE-9E52-12753B0C4ED2}"
EndProject
Project("{2150E333-8FDC-42A3-9474-1A3956D46DE8}") = "tools", "tools", "{65D3D9D7-B498-442D-9713-7B9055A7DB48}"
EndProject
Project("{FAE04EC0-301F-11D3-BF4B-00C04F79EFBC}") = "Raffaello.Cli", "tools\Raffaello.Cli\Raffaello.Cli.csproj", "{BFA62811-16BB-4C11-AA04-EC5A8752D2B4}"
EndProject
Project("{FAE04EC0-301F-11D3-BF4B-00C04F79EFBC}") = "Raffaello.Server", "src\Raffaello.Server\Raffaello.Server.csproj", "{E39E5A40-291B-4741-A333-E54951A3CA0D}"
EndProject
Project("{FAE04EC0-301F-11D3-BF4B-00C04F79EFBC}") = "Raffaello.Server.Tests", "tests\Raffaello.Server.Tests\Raffaello.Server.Tests.csproj", "{6D48C8FE-284D-4AD9-8536-2A091E115710}"
EndProject
Project("{FAE04EC0-301F-11D3-BF4B-00C04F79EFBC}") = "Raffaello.Automation", "src\Raffaello.Automation\Raffaello.Automation.csproj", "{6B4BEC11-416C-4B6C-9E4B-DF1C5BE0FD00}"
EndProject
Project("{FAE04EC0-301F-11D3-BF4B-00C04F79EFBC}") = "Raffaello.Automation.Tests", "tests\Raffaello.Automation.Tests\Raffaello.Automation.Tests.csproj", "{8A0B8FEC-18D9-4132-A11A-E659280B54D3}"
EndProject
Global
	GlobalSection(SolutionConfigurationPlatforms) = preSolution
		Debug|Any CPU = Debug|Any CPU
		Release|Any CPU = Release|Any CPU
	EndGlobalSection
	GlobalSection(SolutionProperties) = preSolution
		HideSolutionNode = FALSE
	EndGlobalSection
	GlobalSection(ProjectConfigurationPlatforms) = postSolution
		{DD7F02C5-7ED0-4BF3-BFFE-9A23D568BE99}.Debug|Any CPU.ActiveCfg = Debug|Any CPU
		{DD7F02C5-7ED0-4BF3-BFFE-9A23D568BE99}.Debug|Any CPU.Build.0 = Debug|Any CPU
		{DD7F02C5-7ED0-4BF3-BFFE-9A23D568BE99}.Release|Any CPU.ActiveCfg = Release|Any CPU
		{DD7F02C5-7ED0-4BF3-BFFE-9A23D568BE99}.Release|Any CPU.Build.0 = Release|Any CPU
		{73B82C7D-2329-452D-8B07-B8C08067530A}.Debug|Any CPU.ActiveCfg = Debug|Any CPU
		{73B82C7D-2329-452D-8B07-B8C08067530A}.Debug|Any CPU.Build.0 = Debug|Any CPU
		{73B82C7D-2329-452D-8B07-B8C08067530A}.Release|Any CPU.ActiveCfg = Release|Any CPU
		{73B82C7D-2329-452D-8B07-B8C08067530A}.Release|Any CPU.Build.0 = Release|Any CPU
		{4A3CB4CD-7945-43AE-9E52-12753B0C4ED2}.Debug|Any CPU.ActiveCfg = Debug|Any CPU
		{4A3CB4CD-7945-43AE-9E52-12753B0C4ED2}.Debug|Any CPU.Build.0 = Debug|Any CPU
		{4A3CB4CD-7945-43AE-9E52-12753B0C4ED2}.Release|Any CPU.ActiveCfg = Release|Any CPU
		{4A3CB4CD-7945-43AE-9E52-12753B0C4ED2}.Release|Any CPU.Build.0 = Release|Any CPU
		{BFA62811-16BB-4C11-AA04-EC5A8752D2B4}.Debug|Any CPU.ActiveCfg = Debug|Any CPU
		{BFA62811-16BB-4C11-AA04-EC5A8752D2B4}.Debug|Any CPU.Build.0 = Debug|Any CPU
		{BFA62811-16BB-4C11-AA04-EC5A8752D2B4}.Release|Any CPU.ActiveCfg = Release|Any CPU
		{BFA62811-16BB-4C11-AA04-EC5A8752D2B4}.Release|Any CPU.Build.0 = Release|Any CPU
		{E39E5A40-291B-4741-A333-E54951A3CA0D}.Debug|Any CPU.ActiveCfg = Debug|Any CPU
		{E39E5A40-291B-4741-A333-E54951A3CA0D}.Debug|Any CPU.Build.0 = Debug|Any CPU
		{E39E5A40-291B-4741-A333-E54951A3CA0D}.Release|Any CPU.ActiveCfg = Release|Any CPU
		{E39E5A40-291B-4741-A333-E54951A3CA0D}.Release|Any CPU.Build.0 = Release|Any CPU
		{6D48C8FE-284D-4AD9-8536-2A091E115710}.Debug|Any CPU.ActiveCfg = Debug|Any CPU
		{6D48C8FE-284D-4AD9-8536-2A091E115710}.Debug|Any CPU.Build.0 = Debug|Any CPU
		{6D48C8FE-284D-4AD9-8536-2A091E115710}.Release|Any CPU.ActiveCfg = Release|Any CPU
		{6D48C8FE-284D-4AD9-8536-2A091E115710}.Release|Any CPU.Build.0 = Release|Any CPU
		{6B4BEC11-416C-4B6C-9E4B-DF1C5BE0FD00}.Debug|Any CPU.ActiveCfg = Debug|Any CPU
		{6B4BEC11-416C-4B6C-9E4B-DF1C5BE0FD00}.Debug|Any CPU.Build.0 = Debug|Any CPU
		{6B4BEC11-416C-4B6C-9E4B-DF1C5BE0FD00}.Release|Any CPU.ActiveCfg = Release|Any CPU
		{6B4BEC11-416C-4B6C-9E4B-DF1C5BE0FD00}.Release|Any CPU.Build.0 = Release|Any CPU
		{8A0B8FEC-18D9-4132-A11A-E659280B54D3}.Debug|Any CPU.ActiveCfg = Debug|Any CPU
		{8A0B8FEC-18D9-4132-A11A-E659280B54D3}.Debug|Any CPU.Build.0 = Debug|Any CPU
		{8A0B8FEC-18D9-4132-A11A-E659280B54D3}.Release|Any CPU.ActiveCfg = Release|Any CPU
		{8A0B8FEC-18D9-4132-A11A-E659280B54D3}.Release|Any CPU.Build.0 = Release|Any CPU
	EndGlobalSection
	GlobalSection(NestedProjects) = preSolution
		{DD7F02C5-7ED0-4BF3-BFFE-9A23D568BE99} = {F44FF168-C130-49EA-94EE-FF2B60199348}
		{73B82C7D-2329-452D-8B07-B8C08067530A} = {7628B8DD-76D2-4C8E-8668-FE79428EF974}
		{4A3CB4CD-7945-43AE-9E52-12753B0C4ED2} = {F44FF168-C130-49EA-94EE-FF2B60199348}
		{BFA62811-16BB-4C11-AA04-EC5A8752D2B4} = {65D3D9D7-B498-442D-9713-7B9055A7DB48}
		{E39E5A40-291B-4741-A333-E54951A3CA0D} = {F44FF168-C130-49EA-94EE-FF2B60199348}
		{6D48C8FE-284D-4AD9-8536-2A091E115710} = {7628B8DD-76D2-4C8E-8668-FE79428EF974}
		{6B4BEC11-416C-4B6C-9E4B-DF1C5BE0FD00} = {F44FF168-C130-49EA-94EE-FF2B60199348}
		{8A0B8FEC-18D9-4132-A11A-E659280B54D3} = {7628B8DD-76D2-4C8E-8668-FE79428EF974}
	EndGlobalSection
EndGlobal
